{
  "lockfileVersion": 1,
  "configVersion": 0,
  "workspaces": {
    "": {
      "name": "matome-app",
    },
    "services/ai-stub": {
      "name": "@matome/ai-stub",
      "version": "0.1.0",
    },
  },
  "packages": {
    "@matome/ai-stub": ["@matome/ai-stub@workspace:services/ai-stub"],
  }
}
